
Microsoft Visual Studio Solution File, Format Version 12.00
# Visual Studio Version 17
VisualStudioVersion = 17.8.34330.188
MinimumVisualStudioVersion = 10.0.40219.1
Project("{FAE04EC0-301F-11D3-BF4B-00C04F79EFBC}") = "KodlamaIoWorkshop", "KodlamaIoWorkshop\KodlamaIoWorkshop.csproj", "{4D1043CC-13CD-42DF-A487-166CB41BE9FA}"
EndProject
Global
	GlobalSection(SolutionConfigurationPlatforms) = preSolution
		Debug|Any CPU = Debug|Any CPU
		Release|Any CPU = Release|Any CPU
	EndGlobalSection
	GlobalSection(ProjectConfigurationPlatforms) = postSolution
		{4D1043CC-13CD-42DF-A487-166CB41BE9FA}.Debug|Any CPU.ActiveCfg = Debug|Any CPU
		{4D1043CC-13CD-42DF-A487-166CB41BE9FA}.Debug|Any CPU.Build.0 = Debug|Any CPU
		{4D1043CC-13CD-42DF-A487-166CB41BE9FA}.Release|Any CPU.ActiveCfg = Release|Any CPU
		{4D1043CC-13CD-42DF-A487-166CB41BE9FA}.Release|Any CPU.Build.0 = Release|Any CPU
	EndGlobalSection
	GlobalSection(SolutionProperties) = preSolution
		HideSolutionNode = FALSE
	EndGlobalSection
	GlobalSection(ExtensibilityGlobals) = postSolution
		SolutionGuid = {D841FAC2-4DD4-46F3-A738-785021212F21}
	EndGlobalSection
EndGlobal
